
Microsoft Visual Studio Solution File, Format Version 12.00
# Visual Studio Version 17
VisualStudioVersion = 17.9.34723.18
MinimumVisualStudioVersion = 10.0.40219.1
Project("{9A19103F-16F7-4668-BE54-9A1E7A4F7556}") = "ConnectFour", "ConnectFour.csproj", "{FA931469-ECAF-4C0F-B0F4-E1FC32D3E636}"
EndProject
Global
	GlobalSection(SolutionConfigurationPlatforms) = preSolution
		Debug|Any CPU = Debug|Any CPU
		Release|Any CPU = Release|Any CPU
	EndGlobalSection
	GlobalSection(ProjectConfigurationPlatforms) = postSolution
		{FA931469-ECAF-4C0F-B0F4-E1FC32D3E636}.Debug|Any CPU.ActiveCfg = Debug|Any CPU
		{FA931469-ECAF-4C0F-B0F4-E1FC32D3E636}.Debug|Any CPU.Build.0 = Debug|Any CPU
		{FA931469-ECAF-4C0F-B0F4-E1FC32D3E636}.Release|Any CPU.ActiveCfg = Release|Any CPU
		{FA931469-ECAF-4C0F-B0F4-E1FC32D3E636}.Release|Any CPU.Build.0 = Release|Any CPU
	EndGlobalSection
	GlobalSection(SolutionProperties) = preSolution
		HideSolutionNode = FALSE
	EndGlobalSection
	GlobalSection(ExtensibilityGlobals) = postSolution
		SolutionGuid = {33EB931F-2888-4703-AA3B-34F24CE1ED3A}
	EndGlobalSection
EndGlobal
